
Microsoft Visual Studio Solution File, Format Version 12.00
# Visual Studio Version 16
VisualStudioVersion = 16.0.30002.166
MinimumVisualStudioVersion = 10.0.40219.1
Project("{9A19103F-16F7-4668-BE54-9A1E7A4F7556}") = "CosmosTest", "CosmosTest\CosmosTest.csproj", "{3399B3F2-BA26-471A-B53E-B37FCFB61A14}"
EndProject
Project("{FAE04EC0-301F-11D3-BF4B-00C04F79EFBC}") = "CosmosTest.UnitTests", "CosmosTest.UnitTests\CosmosTest.UnitTests.csproj", "{8FA2DE69-3384-4A64-B09A-2AE8613DBF13}"
EndProject
Project("{2150E333-8FDC-42A3-9474-1A3956D46DE8}") = "docs", "docs", "{38A9299D-2550-45EE-B626-42FB2EF9B26F}"
	ProjectSection(SolutionItems) = preProject
		docs\CosmosTest.md = docs\CosmosTest.md
	EndProjectSection
EndProject
Global
	GlobalSection(SolutionConfigurationPlatforms) = preSolution
		Debug|Any CPU = Debug|Any CPU
		Release|Any CPU = Release|Any CPU
	EndGlobalSection
	GlobalSection(ProjectConfigurationPlatforms) = postSolution
		{3399B3F2-BA26-471A-B53E-B37FCFB61A14}.Debug|Any CPU.ActiveCfg = Debug|Any CPU
		{3399B3F2-BA26-471A-B53E-B37FCFB61A14}.Debug|Any CPU.Build.0 = Debug|Any CPU
		{3399B3F2-BA26-471A-B53E-B37FCFB61A14}.Release|Any CPU.ActiveCfg = Release|Any CPU
		{3399B3F2-BA26-471A-B53E-B37FCFB61A14}.Release|Any CPU.Build.0 = Release|Any CPU
		{8FA2DE69-3384-4A64-B09A-2AE8613DBF13}.Debug|Any CPU.ActiveCfg = Debug|Any CPU
		{8FA2DE69-3384-4A64-B09A-2AE8613DBF13}.Debug|Any CPU.Build.0 = Debug|Any CPU
		{8FA2DE69-3384-4A64-B09A-2AE8613DBF13}.Release|Any CPU.ActiveCfg = Release|Any CPU
		{8FA2DE69-3384-4A64-B09A-2AE8613DBF13}.Release|Any CPU.Build.0 = Release|Any CPU
	EndGlobalSection
	GlobalSection(SolutionProperties) = preSolution
		HideSolutionNode = FALSE
	EndGlobalSection
	GlobalSection(ExtensibilityGlobals) = postSolution
		SolutionGuid = {99F59B9C-0AE5-4B2D-A9C2-3BA7C06CBE0A}
	EndGlobalSection
EndGlobal
